
Microsoft Visual Studio Solution File, Format Version 12.00
# Visual Studio Version 17
VisualStudioVersion = 17.2.32526.322
MinimumVisualStudioVersion = 10.0.40219.1
Project("{FAE04EC0-301F-11D3-BF4B-00C04F79EFBC}") = "BlackSword", "BlackSword\BlackSword.csproj", "{DA2423CD-D683-482F-83D9-8DA664BC5CBA}"
EndProject
Global
	GlobalSection(SolutionConfigurationPlatforms) = preSolution
		Debug|Any CPU = Debug|Any CPU
		Release|Any CPU = Release|Any CPU
	EndGlobalSection
	GlobalSection(ProjectConfigurationPlatforms) = postSolution
		{DA2423CD-D683-482F-83D9-8DA664BC5CBA}.Debug|Any CPU.ActiveCfg = Debug|Any CPU
		{DA2423CD-D683-482F-83D9-8DA664BC5CBA}.Debug|Any CPU.Build.0 = Debug|Any CPU
		{DA2423CD-D683-482F-83D9-8DA664BC5CBA}.Release|Any CPU.ActiveCfg = Release|Any CPU
		{DA2423CD-D683-482F-83D9-8DA664BC5CBA}.Release|Any CPU.Build.0 = Release|Any CPU
	EndGlobalSection
	GlobalSection(SolutionProperties) = preSolution
		HideSolutionNode = FALSE
	EndGlobalSection
	GlobalSection(ExtensibilityGlobals) = postSolution
		SolutionGuid = {5A0622FE-4845-4813-BE42-30A43744E286}
	EndGlobalSection
EndGlobal
